
Microsoft Visual Studio Solution File, Format Version 12.00
# Visual Studio Version 17
VisualStudioVersion = 17.13.35931.197 d17.13
MinimumVisualStudioVersion = 10.0.40219.1
Project("{FAE04EC0-301F-11D3-BF4B-00C04F79EFBC}") = "Play.Inventory", "Play.Inventory.csproj", "{AE68F924-51AD-4FB2-94A8-F9F801B11885}"
EndProject
Global
	GlobalSection(SolutionConfigurationPlatforms) = preSolution
		Debug|Any CPU = Debug|Any CPU
		Release|Any CPU = Release|Any CPU
	EndGlobalSection
	GlobalSection(ProjectConfigurationPlatforms) = postSolution
		{AE68F924-51AD-4FB2-94A8-F9F801B11885}.Debug|Any CPU.ActiveCfg = Debug|Any CPU
		{AE68F924-51AD-4FB2-94A8-F9F801B11885}.Debug|Any CPU.Build.0 = Debug|Any CPU
		{AE68F924-51AD-4FB2-94A8-F9F801B11885}.Release|Any CPU.ActiveCfg = Release|Any CPU
		{AE68F924-51AD-4FB2-94A8-F9F801B11885}.Release|Any CPU.Build.0 = Release|Any CPU
	EndGlobalSection
	GlobalSection(SolutionProperties) = preSolution
		HideSolutionNode = FALSE
	EndGlobalSection
	GlobalSection(ExtensibilityGlobals) = postSolution
		SolutionGuid = {5F5DF4CE-E2E7-458A-8A49-BE88E48AA53A}
	EndGlobalSection
EndGlobal
